// !$*UTF8*$!
{
	archiveVersion = 1;
	classes = {
	};
	objectVersion = 70;
	objects = {

/* Begin PBXBuildFile section */
		001 /* App.swift in Sources */ = {isa = PBXBuildFile; fileRef = 002 /* App.swift */; };
		003 /* ContentView.swift in Sources */ = {isa = PBXBuildFile; fileRef = 004 /* ContentView.swift */; };
		005 /* Assets.xcassets in Resources */ = {isa = PBXBuildFile; fileRef = 006 /* Assets.xcassets */; };
		C061D91B2E92E19B00712682 /* GoogleService-Info.plist in Resources */ = {isa = PBXBuildFile; fileRef = C061D91A2E92E19B00712682 /* GoogleService-Info.plist */; };
		C061D91E2E92F10600712682 /* User.swift in Sources */ = {isa = PBXBuildFile; fileRef = C061D91D2E92F10600712682 /* User.swift */; };
		C061D9202E92F11F00712682 /* AuthManager.swift in Sources */ = {isa = PBXBuildFile; fileRef = C061D91F2E92F11F00712682 /* AuthManager.swift */; };
		C061D9222E92F13700712682 /* AuthViewModel.swift in Sources */ = {isa = PBXBuildFile; fileRef = C061D9212E92F13700712682 /* AuthViewModel.swift */; };
		C061D9262E92F16300712682 /* LoginView.swift in Sources */ = {isa = PBXBuildFile; fileRef = C061D9242E92F16300712682 /* LoginView.swift */; };
		C061D9272E92F16300712682 /* SignUpView.swift in Sources */ = {isa = PBXBuildFile; fileRef = C061D9252E92F16300712682 /* SignUpView.swift */; };
		C061D9282E92F16300712682 /* AuthenticationView.swift in Sources */ = {isa = PBXBuildFile; fileRef = C061D9232E92F16300712682 /* AuthenticationView.swift */; };
		C061D9502E93961500712682 /* FixedCommitment.swift in Sources */ = {isa = PBXBuildFile; fileRef = C061D94F2E93961500712682 /* FixedCommitment.swift */; };
		C061D9522E93962100712682 /* DataRepository.swift in Sources */ = {isa = PBXBuildFile; fileRef = C061D9512E93962100712682 /* DataRepository.swift */; };
		C061D9542E93967400712682 /* CommitmentViewModel.swift in Sources */ = {isa = PBXBuildFile; fileRef = C061D9532E93967400712682 /* CommitmentViewModel.swift */; };
		C061D9572E93968600712682 /* CommitmentFormView.swift in Sources */ = {isa = PBXBuildFile; fileRef = C061D9552E93968600712682 /* CommitmentFormView.swift */; };
		C061D9582E93968600712682 /* ManageCommitmentsView.swift in Sources */ = {isa = PBXBuildFile; fileRef = C061D9562E93968600712682 /* ManageCommitmentsView.swift */; };
		C061D95C2E93CB9800712682 /* Task.swift in Sources */ = {isa = PBXBuildFile; fileRef = C061D95B2E93CB9800712682 /* Task.swift */; };
		C061D95E2E93CBC100712682 /* TaskViewModel.swift in Sources */ = {isa = PBXBuildFile; fileRef = C061D95D2E93CBC100712682 /* TaskViewModel.swift */; };
		C061D9612E93CBDD00712682 /* TaskFormView.swift in Sources */ = {isa = PBXBuildFile; fileRef = C061D95F2E93CBDD00712682 /* TaskFormView.swift */; };
		C061D9622E93CBDD00712682 /* TaskInboxView.swift in Sources */ = {isa = PBXBuildFile; fileRef = C061D9602E93CBDD00712682 /* TaskInboxView.swift */; };
		C061D9682E93E0FA00712682 /* TimeBlock.swift in Sources */ = {isa = PBXBuildFile; fileRef = C061D9672E93E0FA00712682 /* TimeBlock.swift */; };
		C061D96A2E93E11300712682 /* ScheduleViewModel.swift in Sources */ = {isa = PBXBuildFile; fileRef = C061D9692E93E11300712682 /* ScheduleViewModel.swift */; };
		C061D96C2E93E12500712682 /* TimelineView.swift in Sources */ = {isa = PBXBuildFile; fileRef = C061D96B2E93E12500712682 /* TimelineView.swift */; };
		F001 /* FirebaseAuth in Frameworks */ = {isa = PBXBuildFile; productRef = F002 /* FirebaseAuth */; };
		F003 /* FirebaseFirestore in Frameworks */ = {isa = PBXBuildFile; productRef = F004 /* FirebaseFirestore */; };
		F005 /* FirebaseFirestoreSwift in Frameworks */ = {isa = PBXBuildFile; productRef = F006 /* FirebaseFirestoreSwift */; };
/* End PBXBuildFile section */

/* Begin PBXContainerItemProxy section */
		C061D9422E92F9D100712682 /* PBXContainerItemProxy */ = {
			isa = PBXContainerItemProxy;
			containerPortal = 031 /* Project object */;
			proxyType = 1;
			remoteGlobalIDString = 027;
			remoteInfo = "iOS-Productivity-App";
		};
/* End PBXContainerItemProxy section */

/* Begin PBXFileReference section */
		002 /* App.swift */ = {isa = PBXFileReference; lastKnownFileType = sourcecode.swift; path = App.swift; sourceTree = "<group>"; };
		004 /* ContentView.swift */ = {isa = PBXFileReference; lastKnownFileType = sourcecode.swift; path = ContentView.swift; sourceTree = "<group>"; };
		006 /* Assets.xcassets */ = {isa = PBXFileReference; lastKnownFileType = folder.assetcatalog; path = Assets.xcassets; sourceTree = "<group>"; };
		007 /* iOS-Productivity-App.app */ = {isa = PBXFileReference; explicitFileType = wrapper.application; includeInIndex = 0; path = "iOS-Productivity-App.app"; sourceTree = BUILT_PRODUCTS_DIR; };
		C061D91A2E92E19B00712682 /* GoogleService-Info.plist */ = {isa = PBXFileReference; lastKnownFileType = text.plist.xml; path = "GoogleService-Info.plist"; sourceTree = "<group>"; };
		C061D91D2E92F10600712682 /* User.swift */ = {isa = PBXFileReference; lastKnownFileType = sourcecode.swift; path = User.swift; sourceTree = "<group>"; };
		C061D91F2E92F11F00712682 /* AuthManager.swift */ = {isa = PBXFileReference; lastKnownFileType = sourcecode.swift; path = AuthManager.swift; sourceTree = "<group>"; };
		C061D9212E92F13700712682 /* AuthViewModel.swift */ = {isa = PBXFileReference; lastKnownFileType = sourcecode.swift; path = AuthViewModel.swift; sourceTree = "<group>"; };
		C061D9232E92F16300712682 /* AuthenticationView.swift */ = {isa = PBXFileReference; lastKnownFileType = sourcecode.swift; path = AuthenticationView.swift; sourceTree = "<group>"; };
		C061D9242E92F16300712682 /* LoginView.swift */ = {isa = PBXFileReference; lastKnownFileType = sourcecode.swift; path = LoginView.swift; sourceTree = "<group>"; };
		C061D9252E92F16300712682 /* SignUpView.swift */ = {isa = PBXFileReference; lastKnownFileType = sourcecode.swift; path = SignUpView.swift; sourceTree = "<group>"; };
		C061D93E2E92F9D100712682 /* iOS-Productivity-AppTests.xctest */ = {isa = PBXFileReference; explicitFileType = wrapper.cfbundle; includeInIndex = 0; path = "iOS-Productivity-AppTests.xctest"; sourceTree = BUILT_PRODUCTS_DIR; };
		C061D94F2E93961500712682 /* FixedCommitment.swift */ = {isa = PBXFileReference; lastKnownFileType = sourcecode.swift; path = FixedCommitment.swift; sourceTree = "<group>"; };
		C061D9512E93962100712682 /* DataRepository.swift */ = {isa = PBXFileReference; lastKnownFileType = sourcecode.swift; path = DataRepository.swift; sourceTree = "<group>"; };
		C061D9532E93967400712682 /* CommitmentViewModel.swift */ = {isa = PBXFileReference; lastKnownFileType = sourcecode.swift; path = CommitmentViewModel.swift; sourceTree = "<group>"; };
		C061D9552E93968600712682 /* CommitmentFormView.swift */ = {isa = PBXFileReference; lastKnownFileType = sourcecode.swift; path = CommitmentFormView.swift; sourceTree = "<group>"; };
		C061D9562E93968600712682 /* ManageCommitmentsView.swift */ = {isa = PBXFileReference; lastKnownFileType = sourcecode.swift; path = ManageCommitmentsView.swift; sourceTree = "<group>"; };
		C061D95B2E93CB9800712682 /* Task.swift */ = {isa = PBXFileReference; lastKnownFileType = sourcecode.swift; path = Task.swift; sourceTree = "<group>"; };
		C061D95D2E93CBC100712682 /* TaskViewModel.swift */ = {isa = PBXFileReference; lastKnownFileType = sourcecode.swift; path = TaskViewModel.swift; sourceTree = "<group>"; };
		C061D95F2E93CBDD00712682 /* TaskFormView.swift */ = {isa = PBXFileReference; lastKnownFileType = sourcecode.swift; path = TaskFormView.swift; sourceTree = "<group>"; };
		C061D9602E93CBDD00712682 /* TaskInboxView.swift */ = {isa = PBXFileReference; lastKnownFileType = sourcecode.swift; path = TaskInboxView.swift; sourceTree = "<group>"; };
		C061D9672E93E0FA00712682 /* TimeBlock.swift */ = {isa = PBXFileReference; lastKnownFileType = sourcecode.swift; path = TimeBlock.swift; sourceTree = "<group>"; };
		C061D9692E93E11300712682 /* ScheduleViewModel.swift */ = {isa = PBXFileReference; lastKnownFileType = sourcecode.swift; path = ScheduleViewModel.swift; sourceTree = "<group>"; };
		C061D96B2E93E12500712682 /* TimelineView.swift */ = {isa = PBXFileReference; lastKnownFileType = sourcecode.swift; path = TimelineView.swift; sourceTree = "<group>"; };
/* End PBXFileReference section */

/* Begin PBXFileSystemSynchronizedRootGroup section */
		C061D93F2E92F9D100712682 /* iOS-Productivity-AppTests */ = {isa = PBXFileSystemSynchronizedRootGroup; explicitFileTypes = {}; explicitFolders = (); path = "iOS-Productivity-AppTests"; sourceTree = "<group>"; };
/* End PBXFileSystemSynchronizedRootGroup section */

/* Begin PBXFrameworksBuildPhase section */
		008 /* Frameworks */ = {
			isa = PBXFrameworksBuildPhase;
			buildActionMask = 2147483647;
			files = (
				F001 /* FirebaseAuth in Frameworks */,
				F003 /* FirebaseFirestore in Frameworks */,
				F005 /* FirebaseFirestoreSwift in Frameworks */,
			);
			runOnlyForDeploymentPostprocessing = 0;
		};
		C061D93B2E92F9D100712682 /* Frameworks */ = {
			isa = PBXFrameworksBuildPhase;
			buildActionMask = 2147483647;
			files = (
			);
			runOnlyForDeploymentPostprocessing = 0;
		};
/* End PBXFrameworksBuildPhase section */

/* Begin PBXGroup section */
		009 = {
			isa = PBXGroup;
			children = (
				F100 /* Firebase */,
				010 /* iOS-Productivity-App */,
				C061D93F2E92F9D100712682 /* iOS-Productivity-AppTests */,
				011 /* Products */,
			);
			sourceTree = "<group>";
		};
		010 /* iOS-Productivity-App */ = {
			isa = PBXGroup;
			children = (
				012 /* App */,
				013 /* Core */,
				014 /* Features */,
				004 /* ContentView.swift */,
			);
			path = "iOS-Productivity-App";
			sourceTree = "<group>";
		};
		011 /* Products */ = {
			isa = PBXGroup;
			children = (
				007 /* iOS-Productivity-App.app */,
				C061D93E2E92F9D100712682 /* iOS-Productivity-AppTests.xctest */,
			);
			name = Products;
			sourceTree = "<group>";
		};
		012 /* App */ = {
			isa = PBXGroup;
			children = (
				002 /* App.swift */,
				006 /* Assets.xcassets */,
			);
			path = App;
			sourceTree = "<group>";
		};
		013 /* Core */ = {
			isa = PBXGroup;
			children = (
				015 /* Models */,
				016 /* Services */,
				017 /* Utils */,
			);
			path = Core;
			sourceTree = "<group>";
		};
		014 /* Features */ = {
			isa = PBXGroup;
			children = (
				018 /* Authentication */,
				019 /* Schedule */,
				020 /* TaskInbox */,
			);
			path = Features;
			sourceTree = "<group>";
		};
		015 /* Models */ = {
			isa = PBXGroup;
			children = (
				C061D9672E93E0FA00712682 /* TimeBlock.swift */,
				C061D95B2E93CB9800712682 /* Task.swift */,
				C061D94F2E93961500712682 /* FixedCommitment.swift */,
				C061D91D2E92F10600712682 /* User.swift */,
			);
			path = Models;
			sourceTree = "<group>";
		};
		016 /* Services */ = {
			isa = PBXGroup;
			children = (
				C061D9512E93962100712682 /* DataRepository.swift */,
				C061D91F2E92F11F00712682 /* AuthManager.swift */,
			);
			path = Services;
			sourceTree = "<group>";
		};
		017 /* Utils */ = {
			isa = PBXGroup;
			children = (
			);
			path = Utils;
			sourceTree = "<group>";
		};
		018 /* Authentication */ = {
			isa = PBXGroup;
			children = (
				021 /* Views */,
				022 /* ViewModels */,
			);
			path = Authentication;
			sourceTree = "<group>";
		};
		019 /* Schedule */ = {
			isa = PBXGroup;
			children = (
				023 /* Views */,
				024 /* ViewModels */,
			);
			path = Schedule;
			sourceTree = "<group>";
		};
		020 /* TaskInbox */ = {
			isa = PBXGroup;
			children = (
				025 /* Views */,
				026 /* ViewModels */,
			);
			path = TaskInbox;
			sourceTree = "<group>";
		};
		021 /* Views */ = {
			isa = PBXGroup;
			children = (
				C061D9232E92F16300712682 /* AuthenticationView.swift */,
				C061D9242E92F16300712682 /* LoginView.swift */,
				C061D9252E92F16300712682 /* SignUpView.swift */,
			);
			path = Views;
			sourceTree = "<group>";
		};
		022 /* ViewModels */ = {
			isa = PBXGroup;
			children = (
				C061D9212E92F13700712682 /* AuthViewModel.swift */,
			);
			path = ViewModels;
			sourceTree = "<group>";
		};
		023 /* Views */ = {
			isa = PBXGroup;
			children = (
				C061D96B2E93E12500712682 /* TimelineView.swift */,
				C061D9552E93968600712682 /* CommitmentFormView.swift */,
				C061D9562E93968600712682 /* ManageCommitmentsView.swift */,
			);
			path = Views;
			sourceTree = "<group>";
		};
		024 /* ViewModels */ = {
			isa = PBXGroup;
			children = (
				C061D9692E93E11300712682 /* ScheduleViewModel.swift */,
				C061D9532E93967400712682 /* CommitmentViewModel.swift */,
			);
			path = ViewModels;
			sourceTree = "<group>";
		};
		025 /* Views */ = {
			isa = PBXGroup;
			children = (
				C061D95F2E93CBDD00712682 /* TaskFormView.swift */,
				C061D9602E93CBDD00712682 /* TaskInboxView.swift */,
			);
			path = Views;
			sourceTree = "<group>";
		};
		026 /* ViewModels */ = {
			isa = PBXGroup;
			children = (
				C061D95D2E93CBC100712682 /* TaskViewModel.swift */,
			);
			path = ViewModels;
			sourceTree = "<group>";
		};
		F100 /* Firebase */ = {
			isa = PBXGroup;
			children = (
				C061D91A2E92E19B00712682 /* GoogleService-Info.plist */,
			);
			path = Firebase;
			sourceTree = "<group>";
		};
/* End PBXGroup section */

/* Begin PBXNativeTarget section */
		027 /* iOS-Productivity-App */ = {
			isa = PBXNativeTarget;
			buildConfigurationList = 028 /* Build configuration list for PBXNativeTarget "iOS-Productivity-App" */;
			buildPhases = (
				029 /* Sources */,
				008 /* Frameworks */,
				030 /* Resources */,
			);
			buildRules = (
			);
			dependencies = (
			);
			name = "iOS-Productivity-App";
			packageProductDependencies = (
				F002 /* FirebaseAuth */,
				F004 /* FirebaseFirestore */,
				F006 /* FirebaseFirestoreSwift */,
			);
			productName = "iOS-Productivity-App";
			productReference = 007 /* iOS-Productivity-App.app */;
			productType = "com.apple.product-type.application";
		};
		C061D93D2E92F9D100712682 /* iOS-Productivity-AppTests */ = {
			isa = PBXNativeTarget;
			buildConfigurationList = C061D9442E92F9D100712682 /* Build configuration list for PBXNativeTarget "iOS-Productivity-AppTests" */;
			buildPhases = (
				C061D93A2E92F9D100712682 /* Sources */,
				C061D93B2E92F9D100712682 /* Frameworks */,
				C061D93C2E92F9D100712682 /* Resources */,
			);
			buildRules = (
			);
			dependencies = (
				C061D9432E92F9D100712682 /* PBXTargetDependency */,
			);
			fileSystemSynchronizedGroups = (
				C061D93F2E92F9D100712682 /* iOS-Productivity-AppTests */,
			);
			name = "iOS-Productivity-AppTests";
			packageProductDependencies = (
			);
			productName = "iOS-Productivity-AppTests";
			productReference = C061D93E2E92F9D100712682 /* iOS-Productivity-AppTests.xctest */;
			productType = "com.apple.product-type.bundle.unit-test";
		};
/* End PBXNativeTarget section */

/* Begin PBXProject section */
		031 /* Project object */ = {
			isa = PBXProject;
			attributes = {
				BuildIndependentTargetsInParallel = 1;
				LastSwiftUpdateCheck = 2600;
				LastUpgradeCheck = 2600;
				TargetAttributes = {
					027 = {
						CreatedOnToolsVersion = 15.0;
					};
					C061D93D2E92F9D100712682 = {
						CreatedOnToolsVersion = 26.0.1;
						TestTargetID = 027;
					};
				};
			};
			buildConfigurationList = 032 /* Build configuration list for PBXProject "iOS-Productivity-App" */;
			compatibilityVersion = "Xcode 14.0";
			developmentRegion = en;
			hasScannedForEncodings = 0;
			knownRegions = (
				en,
				Base,
			);
			mainGroup = 009;
			packageReferences = (
				F007 /* XCRemoteSwiftPackageReference "firebase-ios-sdk" */,
			);
			productRefGroup = 011 /* Products */;
			projectDirPath = "";
			projectRoot = "";
			targets = (
				027 /* iOS-Productivity-App */,
				C061D93D2E92F9D100712682 /* iOS-Productivity-AppTests */,
			);
		};
/* End PBXProject section */

/* Begin PBXResourcesBuildPhase section */
		030 /* Resources */ = {
			isa = PBXResourcesBuildPhase;
			buildActionMask = 2147483647;
			files = (
				005 /* Assets.xcassets in Resources */,
				C061D91B2E92E19B00712682 /* GoogleService-Info.plist in Resources */,
			);
			runOnlyForDeploymentPostprocessing = 0;
		};
		C061D93C2E92F9D100712682 /* Resources */ = {
			isa = PBXResourcesBuildPhase;
			buildActionMask = 2147483647;
			files = (
			);
			runOnlyForDeploymentPostprocessing = 0;
		};
/* End PBXResourcesBuildPhase section */

/* Begin PBXSourcesBuildPhase section */
		029 /* Sources */ = {
			isa = PBXSourcesBuildPhase;
			buildActionMask = 2147483647;
			files = (
				C061D9222E92F13700712682 /* AuthViewModel.swift in Sources */,
				C061D9522E93962100712682 /* DataRepository.swift in Sources */,
				003 /* ContentView.swift in Sources */,
				C061D96C2E93E12500712682 /* TimelineView.swift in Sources */,
				C061D9502E93961500712682 /* FixedCommitment.swift in Sources */,
				C061D9202E92F11F00712682 /* AuthManager.swift in Sources */,
				C061D9572E93968600712682 /* CommitmentFormView.swift in Sources */,
				C061D9582E93968600712682 /* ManageCommitmentsView.swift in Sources */,
				001 /* App.swift in Sources */,
				C061D9262E92F16300712682 /* LoginView.swift in Sources */,
				C061D9272E92F16300712682 /* SignUpView.swift in Sources */,
				C061D96A2E93E11300712682 /* ScheduleViewModel.swift in Sources */,
				C061D9542E93967400712682 /* CommitmentViewModel.swift in Sources */,
				C061D9612E93CBDD00712682 /* TaskFormView.swift in Sources */,
				C061D9682E93E0FA00712682 /* TimeBlock.swift in Sources */,
				C061D9622E93CBDD00712682 /* TaskInboxView.swift in Sources */,
				C061D9282E92F16300712682 /* AuthenticationView.swift in Sources */,
				C061D95C2E93CB9800712682 /* Task.swift in Sources */,
				C061D95E2E93CBC100712682 /* TaskViewModel.swift in Sources */,
				C061D91E2E92F10600712682 /* User.swift in Sources */,
			);
			runOnlyForDeploymentPostprocessing = 0;
		};
		C061D93A2E92F9D100712682 /* Sources */ = {
			isa = PBXSourcesBuildPhase;
			buildActionMask = 2147483647;
			files = (
			);
			runOnlyForDeploymentPostprocessing = 0;
		};
/* End PBXSourcesBuildPhase section */

/* Begin PBXTargetDependency section */
		C061D9432E92F9D100712682 /* PBXTargetDependency */ = {
			isa = PBXTargetDependency;
			target = 027 /* iOS-Productivity-App */;
			targetProxy = C061D9422E92F9D100712682 /* PBXContainerItemProxy */;
		};
/* End PBXTargetDependency section */

/* Begin XCBuildConfiguration section */
		033 /* Debug */ = {
			isa = XCBuildConfiguration;
			buildSettings = {
				ALWAYS_SEARCH_USER_PATHS = NO;
				ASSETCATALOG_COMPILER_GENERATE_SWIFT_ASSET_SYMBOL_EXTENSIONS = YES;
				CLANG_ANALYZER_NONNULL = YES;
				CLANG_ANALYZER_NUMBER_OBJECT_CONVERSION = YES_AGGRESSIVE;
				CLANG_CXX_LANGUAGE_STANDARD = "gnu++20";
				CLANG_ENABLE_MODULES = YES;
				CLANG_ENABLE_OBJC_ARC = YES;
				CLANG_ENABLE_OBJC_WEAK = YES;
				CLANG_WARN_BLOCK_CAPTURE_AUTORELEASING = YES;
				CLANG_WARN_BOOL_CONVERSION = YES;
				CLANG_WARN_COMMA = YES;
				CLANG_WARN_CONSTANT_CONVERSION = YES;
				CLANG_WARN_DEPRECATED_OBJC_IMPLEMENTATIONS = YES;
				CLANG_WARN_DIRECT_OBJC_ISA_USAGE = YES_ERROR;
				CLANG_WARN_DOCUMENTATION_COMMENTS = YES;
				CLANG_WARN_EMPTY_BODY = YES;
				CLANG_WARN_ENUM_CONVERSION = YES;
				CLANG_WARN_INFINITE_RECURSION = YES;
				CLANG_WARN_INT_CONVERSION = YES;
				CLANG_WARN_NON_LITERAL_NULL_CONVERSION = YES;
				CLANG_WARN_OBJC_IMPLICIT_RETAIN_SELF = YES;
				CLANG_WARN_OBJC_LITERAL_CONVERSION = YES;
				CLANG_WARN_OBJC_ROOT_CLASS = YES_ERROR;
				CLANG_WARN_QUOTED_INCLUDE_IN_FRAMEWORK_HEADER = YES;
				CLANG_WARN_RANGE_LOOP_ANALYSIS = YES;
				CLANG_WARN_STRICT_PROTOTYPES = YES;
				CLANG_WARN_SUSPICIOUS_MOVE = YES;
				CLANG_WARN_UNGUARDED_AVAILABILITY = YES_AGGRESSIVE;
				CLANG_WARN_UNREACHABLE_CODE = YES;
				CLANG_WARN__DUPLICATE_METHOD_MATCH = YES;
				COPY_PHASE_STRIP = NO;
				DEBUG_INFORMATION_FORMAT = dwarf;
				DEVELOPMENT_TEAM = 4UTR8F2W8J;
				ENABLE_STRICT_OBJC_MSGSEND = YES;
				ENABLE_TESTABILITY = YES;
				ENABLE_USER_SCRIPT_SANDBOXING = YES;
				GCC_C_LANGUAGE_STANDARD = gnu17;
				GCC_DYNAMIC_NO_PIC = NO;
				GCC_NO_COMMON_BLOCKS = YES;
				GCC_OPTIMIZATION_LEVEL = 0;
				GCC_PREPROCESSOR_DEFINITIONS = (
					"DEBUG=1",
					"$(inherited)",
				);
				GCC_WARN_64_TO_32_BIT_CONVERSION = YES;
				GCC_WARN_ABOUT_RETURN_TYPE = YES_ERROR;
				GCC_WARN_UNDECLARED_SELECTOR = YES;
				GCC_WARN_UNINITIALIZED_AUTOS = YES_AGGRESSIVE;
				GCC_WARN_UNUSED_FUNCTION = YES;
				GCC_WARN_UNUSED_VARIABLE = YES;
				IPHONEOS_DEPLOYMENT_TARGET = 16.0;
				LOCALIZATION_PREFERS_STRING_CATALOGS = YES;
				MTL_ENABLE_DEBUG_INFO = INCLUDE_SOURCE;
				MTL_FAST_MATH = YES;
				ONLY_ACTIVE_ARCH = YES;
				SDKROOT = iphoneos;
				STRING_CATALOG_GENERATE_SYMBOLS = YES;
				SWIFT_ACTIVE_COMPILATION_CONDITIONS = "DEBUG $(inherited)";
				SWIFT_OPTIMIZATION_LEVEL = "-Onone";
				SWIFT_VERSION = 5.9;
			};
			name = Debug;
		};
		034 /* Release */ = {
			isa = XCBuildConfiguration;
			buildSettings = {
				ALWAYS_SEARCH_USER_PATHS = NO;
				ASSETCATALOG_COMPILER_GENERATE_SWIFT_ASSET_SYMBOL_EXTENSIONS = YES;
				CLANG_ANALYZER_NONNULL = YES;
				CLANG_ANALYZER_NUMBER_OBJECT_CONVERSION = YES_AGGRESSIVE;
				CLANG_CXX_LANGUAGE_STANDARD = "gnu++20";
				CLANG_ENABLE_MODULES = YES;
				CLANG_ENABLE_OBJC_ARC = YES;
				CLANG_ENABLE_OBJC_WEAK = YES;
				CLANG_WARN_BLOCK_CAPTURE_AUTORELEASING = YES;
				CLANG_WARN_BOOL_CONVERSION = YES;
				CLANG_WARN_COMMA = YES;
				CLANG_WARN_CONSTANT_CONVERSION = YES;
				CLANG_WARN_DEPRECATED_OBJC_IMPLEMENTATIONS = YES;
				CLANG_WARN_DIRECT_OBJC_ISA_USAGE = YES_ERROR;
				CLANG_WARN_DOCUMENTATION_COMMENTS = YES;
				CLANG_WARN_EMPTY_BODY = YES;
				CLANG_WARN_ENUM_CONVERSION = YES;
				CLANG_WARN_INFINITE_RECURSION = YES;
				CLANG_WARN_INT_CONVERSION = YES;
				CLANG_WARN_NON_LITERAL_NULL_CONVERSION = YES;
				CLANG_WARN_OBJC_IMPLICIT_RETAIN_SELF = YES;
				CLANG_WARN_OBJC_LITERAL_CONVERSION = YES;
				CLANG_WARN_OBJC_ROOT_CLASS = YES_ERROR;
				CLANG_WARN_QUOTED_INCLUDE_IN_FRAMEWORK_HEADER = YES;
				CLANG_WARN_RANGE_LOOP_ANALYSIS = YES;
				CLANG_WARN_STRICT_PROTOTYPES = YES;
				CLANG_WARN_SUSPICIOUS_MOVE = YES;
				CLANG_WARN_UNGUARDED_AVAILABILITY = YES_AGGRESSIVE;
				CLANG_WARN_UNREACHABLE_CODE = YES;
				CLANG_WARN__DUPLICATE_METHOD_MATCH = YES;
				COPY_PHASE_STRIP = NO;
				DEBUG_INFORMATION_FORMAT = "dwarf-with-dsym";
				DEVELOPMENT_TEAM = 4UTR8F2W8J;
				ENABLE_NS_ASSERTIONS = NO;
				ENABLE_STRICT_OBJC_MSGSEND = YES;
				ENABLE_USER_SCRIPT_SANDBOXING = YES;
				GCC_C_LANGUAGE_STANDARD = gnu17;
				GCC_NO_COMMON_BLOCKS = YES;
				GCC_WARN_64_TO_32_BIT_CONVERSION = YES;
				GCC_WARN_ABOUT_RETURN_TYPE = YES_ERROR;
				GCC_WARN_UNDECLARED_SELECTOR = YES;
				GCC_WARN_UNINITIALIZED_AUTOS = YES_AGGRESSIVE;
				GCC_WARN_UNUSED_FUNCTION = YES;
				GCC_WARN_UNUSED_VARIABLE = YES;
				IPHONEOS_DEPLOYMENT_TARGET = 16.0;
				LOCALIZATION_PREFERS_STRING_CATALOGS = YES;
				MTL_ENABLE_DEBUG_INFO = NO;
				MTL_FAST_MATH = YES;
				SDKROOT = iphoneos;
				STRING_CATALOG_GENERATE_SYMBOLS = YES;
				SWIFT_COMPILATION_MODE = wholemodule;
				SWIFT_VERSION = 5.9;
				VALIDATE_PRODUCT = YES;
			};
			name = Release;
		};
		035 /* Debug */ = {
			isa = XCBuildConfiguration;
			buildSettings = {
				ASSETCATALOG_COMPILER_APPICON_NAME = AppIcon;
				ASSETCATALOG_COMPILER_GLOBAL_ACCENT_COLOR_NAME = AccentColor;
				CODE_SIGN_STYLE = Automatic;
				CURRENT_PROJECT_VERSION = 1;
				DEVELOPMENT_ASSET_PATHS = "";
				ENABLE_PREVIEWS = YES;
				GENERATE_INFOPLIST_FILE = YES;
				INFOPLIST_KEY_UIApplicationSceneManifest_Generation = YES;
				INFOPLIST_KEY_UIApplicationSupportsIndirectInputEvents = YES;
				INFOPLIST_KEY_UILaunchScreen_Generation = YES;
				INFOPLIST_KEY_UISupportedInterfaceOrientations_iPad = "UIInterfaceOrientationPortrait UIInterfaceOrientationPortraitUpsideDown UIInterfaceOrientationLandscapeLeft UIInterfaceOrientationLandscapeRight";
				INFOPLIST_KEY_UISupportedInterfaceOrientations_iPhone = "UIInterfaceOrientationPortrait UIInterfaceOrientationLandscapeLeft UIInterfaceOrientationLandscapeRight";
				IPHONEOS_DEPLOYMENT_TARGET = 16.0;
				LD_RUNPATH_SEARCH_PATHS = (
					"$(inherited)",
					"@executable_path/Frameworks",
				);
				MARKETING_VERSION = 1.0;
				PRODUCT_BUNDLE_IDENTIFIER = "com.productivityapp.iOS-Productivity-App";
				PRODUCT_NAME = "$(TARGET_NAME)";
				SWIFT_EMIT_LOC_STRINGS = YES;
				SWIFT_VERSION = 5.9;
				TARGETED_DEVICE_FAMILY = "1,2";
			};
			name = Debug;
		};
		036 /* Release */ = {
			isa = XCBuildConfiguration;
			buildSettings = {
				ASSETCATALOG_COMPILER_APPICON_NAME = AppIcon;
				ASSETCATALOG_COMPILER_GLOBAL_ACCENT_COLOR_NAME = AccentColor;
				CODE_SIGN_STYLE = Automatic;
				CURRENT_PROJECT_VERSION = 1;
				DEVELOPMENT_ASSET_PATHS = "";
				ENABLE_PREVIEWS = YES;
				GENERATE_INFOPLIST_FILE = YES;
				INFOPLIST_KEY_UIApplicationSceneManifest_Generation = YES;
				INFOPLIST_KEY_UIApplicationSupportsIndirectInputEvents = YES;
				INFOPLIST_KEY_UILaunchScreen_Generation = YES;
				INFOPLIST_KEY_UISupportedInterfaceOrientations_iPad = "UIInterfaceOrientationPortrait UIInterfaceOrientationPortraitUpsideDown UIInterfaceOrientationLandscapeLeft UIInterfaceOrientationLandscapeRight";
				INFOPLIST_KEY_UISupportedInterfaceOrientations_iPhone = "UIInterfaceOrientationPortrait UIInterfaceOrientationLandscapeLeft UIInterfaceOrientationLandscapeRight";
				IPHONEOS_DEPLOYMENT_TARGET = 16.0;
				LD_RUNPATH_SEARCH_PATHS = (
					"$(inherited)",
					"@executable_path/Frameworks",
				);
				MARKETING_VERSION = 1.0;
				PRODUCT_BUNDLE_IDENTIFIER = "com.productivityapp.iOS-Productivity-App";
				PRODUCT_NAME = "$(TARGET_NAME)";
				SWIFT_EMIT_LOC_STRINGS = YES;
				SWIFT_VERSION = 5.9;
				TARGETED_DEVICE_FAMILY = "1,2";
			};
			name = Release;
		};
		C061D9452E92F9D100712682 /* Debug */ = {
			isa = XCBuildConfiguration;
			buildSettings = {
				BUNDLE_LOADER = "$(TEST_HOST)";
				CODE_SIGN_STYLE = Automatic;
				CURRENT_PROJECT_VERSION = 1;
				DEVELOPMENT_TEAM = 4UTR8F2W8J;
				GENERATE_INFOPLIST_FILE = YES;
				IPHONEOS_DEPLOYMENT_TARGET = 26.0;
				MARKETING_VERSION = 1.0;
				PRODUCT_BUNDLE_IDENTIFIER = "com.productivityapp.iOS-Productivity-App.iOS-Productivity-AppTests";
				PRODUCT_NAME = "$(TARGET_NAME)";
				STRING_CATALOG_GENERATE_SYMBOLS = NO;
				SWIFT_APPROACHABLE_CONCURRENCY = YES;
				SWIFT_EMIT_LOC_STRINGS = NO;
				SWIFT_UPCOMING_FEATURE_MEMBER_IMPORT_VISIBILITY = YES;
				SWIFT_VERSION = 5.0;
				TARGETED_DEVICE_FAMILY = "1,2";
				TEST_HOST = "$(BUILT_PRODUCTS_DIR)/iOS-Productivity-App.app/$(BUNDLE_EXECUTABLE_FOLDER_PATH)/iOS-Productivity-App";
			};
			name = Debug;
		};
		C061D9462E92F9D100712682 /* Release */ = {
			isa = XCBuildConfiguration;
			buildSettings = {
				BUNDLE_LOADER = "$(TEST_HOST)";
				CODE_SIGN_STYLE = Automatic;
				CURRENT_PROJECT_VERSION = 1;
				DEVELOPMENT_TEAM = 4UTR8F2W8J;
				GENERATE_INFOPLIST_FILE = YES;
				IPHONEOS_DEPLOYMENT_TARGET = 26.0;
				MARKETING_VERSION = 1.0;
				PRODUCT_BUNDLE_IDENTIFIER = "com.productivityapp.iOS-Productivity-App.iOS-Productivity-AppTests";
				PRODUCT_NAME = "$(TARGET_NAME)";
				STRING_CATALOG_GENERATE_SYMBOLS = NO;
				SWIFT_APPROACHABLE_CONCURRENCY = YES;
				SWIFT_EMIT_LOC_STRINGS = NO;
				SWIFT_UPCOMING_FEATURE_MEMBER_IMPORT_VISIBILITY = YES;
				SWIFT_VERSION = 5.0;
				TARGETED_DEVICE_FAMILY = "1,2";
				TEST_HOST = "$(BUILT_PRODUCTS_DIR)/iOS-Productivity-App.app/$(BUNDLE_EXECUTABLE_FOLDER_PATH)/iOS-Productivity-App";
			};
			name = Release;
		};
/* End XCBuildConfiguration section */

/* Begin XCConfigurationList section */
		028 /* Build configuration list for PBXNativeTarget "iOS-Productivity-App" */ = {
			isa = XCConfigurationList;
			buildConfigurations = (
				035 /* Debug */,
				036 /* Release */,
			);
			defaultConfigurationIsVisible = 0;
			defaultConfigurationName = Release;
		};
		032 /* Build configuration list for PBXProject "iOS-Productivity-App" */ = {
			isa = XCConfigurationList;
			buildConfigurations = (
				033 /* Debug */,
				034 /* Release */,
			);
			defaultConfigurationIsVisible = 0;
			defaultConfigurationName = Release;
		};
		C061D9442E92F9D100712682 /* Build configuration list for PBXNativeTarget "iOS-Productivity-AppTests" */ = {
			isa = XCConfigurationList;
			buildConfigurations = (
				C061D9452E92F9D100712682 /* Debug */,
				C061D9462E92F9D100712682 /* Release */,
			);
			defaultConfigurationIsVisible = 0;
			defaultConfigurationName = Release;
		};
/* End XCConfigurationList section */

/* Begin XCRemoteSwiftPackageReference section */
		F007 /* XCRemoteSwiftPackageReference "firebase-ios-sdk" */ = {
			isa = XCRemoteSwiftPackageReference;
			repositoryURL = "https://github.com/firebase/firebase-ios-sdk";
			requirement = {
				kind = upToNextMajorVersion;
				minimumVersion = 10.0.0;
			};
		};
/* End XCRemoteSwiftPackageReference section */

/* Begin XCSwiftPackageProductDependency section */
		F002 /* FirebaseAuth */ = {
			isa = XCSwiftPackageProductDependency;
			package = F007 /* XCRemoteSwiftPackageReference "firebase-ios-sdk" */;
			productName = FirebaseAuth;
		};
		F004 /* FirebaseFirestore */ = {
			isa = XCSwiftPackageProductDependency;
			package = F007 /* XCRemoteSwiftPackageReference "firebase-ios-sdk" */;
			productName = FirebaseFirestore;
		};
		F006 /* FirebaseFirestoreSwift */ = {
			isa = XCSwiftPackageProductDependency;
			package = F007 /* XCRemoteSwiftPackageReference "firebase-ios-sdk" */;
			productName = FirebaseFirestoreSwift;
		};
/* End XCSwiftPackageProductDependency section */
	};
	rootObject = 031 /* Project object */;
}
